
Microsoft Visual Studio Solution File, Format Version 12.00
# Visual Studio Version 17
VisualStudioVersion = 17.8.34330.188
MinimumVisualStudioVersion = 10.0.40219.1
Project("{9A19103F-16F7-4668-BE54-9A1E7A4F7556}") = "OrderManagmentSystem", "OrderManagmentSystem\OrderManagmentSystem.csproj", "{0245C3BB-669C-4ED9-8010-DC1AA26ACE47}"
EndProject
Project("{9A19103F-16F7-4668-BE54-9A1E7A4F7556}") = "OrderManagmentSystem.Core", "OrderManagmentSystem.Core\OrderManagmentSystem.Core.csproj", "{C7E4A0AE-9CAF-40DF-A7D6-FC053A1435D9}"
EndProject
Project("{9A19103F-16F7-4668-BE54-9A1E7A4F7556}") = "OrderMangmentSystem.Repositry", "OrderMangmentSystem.Repositry\OrderMangmentSystem.Repositry.csproj", "{B6EF46BF-241D-43C5-BB8B-851946443526}"
EndProject
Project("{FAE04EC0-301F-11D3-BF4B-00C04F79EFBC}") = "OrderManagmentSystem.Services", "OrderManagmentSystem.Services\OrderManagmentSystem.Services.csproj", "{1F2D3575-6CD8-41C8-B26E-A07C19EA9016}"
EndProject
Global
	GlobalSection(SolutionConfigurationPlatforms) = preSolution
		Debug|Any CPU = Debug|Any CPU
		Release|Any CPU = Release|Any CPU
	EndGlobalSection
	GlobalSection(ProjectConfigurationPlatforms) = postSolution
		{0245C3BB-669C-4ED9-8010-DC1AA26ACE47}.Debug|Any CPU.ActiveCfg = Debug|Any CPU
		{0245C3BB-669C-4ED9-8010-DC1AA26ACE47}.Debug|Any CPU.Build.0 = Debug|Any CPU
		{0245C3BB-669C-4ED9-8010-DC1AA26ACE47}.Release|Any CPU.ActiveCfg = Release|Any CPU
		{0245C3BB-669C-4ED9-8010-DC1AA26ACE47}.Release|Any CPU.Build.0 = Release|Any CPU
		{C7E4A0AE-9CAF-40DF-A7D6-FC053A1435D9}.Debug|Any CPU.ActiveCfg = Debug|Any CPU
		{C7E4A0AE-9CAF-40DF-A7D6-FC053A1435D9}.Debug|Any CPU.Build.0 = Debug|Any CPU
		{C7E4A0AE-9CAF-40DF-A7D6-FC053A1435D9}.Release|Any CPU.ActiveCfg = Release|Any CPU
		{C7E4A0AE-9CAF-40DF-A7D6-FC053A1435D9}.Release|Any CPU.Build.0 = Release|Any CPU
		{B6EF46BF-241D-43C5-BB8B-851946443526}.Debug|Any CPU.ActiveCfg = Debug|Any CPU
		{B6EF46BF-241D-43C5-BB8B-851946443526}.Debug|Any CPU.Build.0 = Debug|Any CPU
		{B6EF46BF-241D-43C5-BB8B-851946443526}.Release|Any CPU.ActiveCfg = Release|Any CPU
		{B6EF46BF-241D-43C5-BB8B-851946443526}.Release|Any CPU.Build.0 = Release|Any CPU
		{1F2D3575-6CD8-41C8-B26E-A07C19EA9016}.Debug|Any CPU.ActiveCfg = Debug|Any CPU
		{1F2D3575-6CD8-41C8-B26E-A07C19EA9016}.Debug|Any CPU.Build.0 = Debug|Any CPU
		{1F2D3575-6CD8-41C8-B26E-A07C19EA9016}.Release|Any CPU.ActiveCfg = Release|Any CPU
		{1F2D3575-6CD8-41C8-B26E-A07C19EA9016}.Release|Any CPU.Build.0 = Release|Any CPU
	EndGlobalSection
	GlobalSection(SolutionProperties) = preSolution
		HideSolutionNode = FALSE
	EndGlobalSection
	GlobalSection(ExtensibilityGlobals) = postSolution
		SolutionGuid = {3D50622B-8BC3-4F64-BB8F-4D9D7455E458}
	EndGlobalSection
EndGlobal
